
Microsoft Visual Studio Solution File, Format Version 12.00
# Visual Studio Version 17
VisualStudioVersion = 17.10.35122.118
MinimumVisualStudioVersion = 10.0.40219.1
Project("{FAE04EC0-301F-11D3-BF4B-00C04F79EFBC}") = "RelatorioCliente", "RelatorioCliente.csproj", "{BB939D8E-4BC7-45E7-93B2-6AAFC0CE0741}"
EndProject
Global
	GlobalSection(SolutionConfigurationPlatforms) = preSolution
		Debug|Any CPU = Debug|Any CPU
		Release|Any CPU = Release|Any CPU
	EndGlobalSection
	GlobalSection(ProjectConfigurationPlatforms) = postSolution
		{BB939D8E-4BC7-45E7-93B2-6AAFC0CE0741}.Debug|Any CPU.ActiveCfg = Debug|Any CPU
		{BB939D8E-4BC7-45E7-93B2-6AAFC0CE0741}.Debug|Any CPU.Build.0 = Debug|Any CPU
		{BB939D8E-4BC7-45E7-93B2-6AAFC0CE0741}.Release|Any CPU.ActiveCfg = Release|Any CPU
		{BB939D8E-4BC7-45E7-93B2-6AAFC0CE0741}.Release|Any CPU.Build.0 = Release|Any CPU
	EndGlobalSection
	GlobalSection(SolutionProperties) = preSolution
		HideSolutionNode = FALSE
	EndGlobalSection
	GlobalSection(ExtensibilityGlobals) = postSolution
		SolutionGuid = {89D5EF8B-8B98-46FE-8B5F-ACE20F296112}
	EndGlobalSection
EndGlobal
